
Microsoft Visual Studio Solution File, Format Version 12.00
# Visual Studio Version 17
VisualStudioVersion = 17.5.33627.172
MinimumVisualStudioVersion = 10.0.40219.1
Project("{9A19103F-16F7-4668-BE54-9A1E7A4F7556}") = "Week7Functions", "Week7Functions\Week7Functions.csproj", "{A3C9D8CD-5CB4-4B24-9030-100029E75453}"
EndProject
Project("{9A19103F-16F7-4668-BE54-9A1E7A4F7556}") = "ArgumentsAndParameters", "ArgumentsAndParameters\ArgumentsAndParameters.csproj", "{AD123593-E955-42D6-A883-4841D6C0009A}"
EndProject
Project("{9A19103F-16F7-4668-BE54-9A1E7A4F7556}") = "Calculator", "Calculator\Calculator.csproj", "{494285B0-AA20-40BC-80CE-D9009FF1D179}"
EndProject
Project("{FAE04EC0-301F-11D3-BF4B-00C04F79EFBC}") = "DiscountCalculator", "DiscountCalculator\DiscountCalculator.csproj", "{14EC2C33-2DC5-487C-9C05-131DAAB68BED}"
EndProject
Global
	GlobalSection(SolutionConfigurationPlatforms) = preSolution
		Debug|Any CPU = Debug|Any CPU
		Release|Any CPU = Release|Any CPU
	EndGlobalSection
	GlobalSection(ProjectConfigurationPlatforms) = postSolution
		{A3C9D8CD-5CB4-4B24-9030-100029E75453}.Debug|Any CPU.ActiveCfg = Debug|Any CPU
		{A3C9D8CD-5CB4-4B24-9030-100029E75453}.Debug|Any CPU.Build.0 = Debug|Any CPU
		{A3C9D8CD-5CB4-4B24-9030-100029E75453}.Release|Any CPU.ActiveCfg = Release|Any CPU
		{A3C9D8CD-5CB4-4B24-9030-100029E75453}.Release|Any CPU.Build.0 = Release|Any CPU
		{AD123593-E955-42D6-A883-4841D6C0009A}.Debug|Any CPU.ActiveCfg = Debug|Any CPU
		{AD123593-E955-42D6-A883-4841D6C0009A}.Debug|Any CPU.Build.0 = Debug|Any CPU
		{AD123593-E955-42D6-A883-4841D6C0009A}.Release|Any CPU.ActiveCfg = Release|Any CPU
		{AD123593-E955-42D6-A883-4841D6C0009A}.Release|Any CPU.Build.0 = Release|Any CPU
		{494285B0-AA20-40BC-80CE-D9009FF1D179}.Debug|Any CPU.ActiveCfg = Debug|Any CPU
		{494285B0-AA20-40BC-80CE-D9009FF1D179}.Debug|Any CPU.Build.0 = Debug|Any CPU
		{494285B0-AA20-40BC-80CE-D9009FF1D179}.Release|Any CPU.ActiveCfg = Release|Any CPU
		{494285B0-AA20-40BC-80CE-D9009FF1D179}.Release|Any CPU.Build.0 = Release|Any CPU
		{14EC2C33-2DC5-487C-9C05-131DAAB68BED}.Debug|Any CPU.ActiveCfg = Debug|Any CPU
		{14EC2C33-2DC5-487C-9C05-131DAAB68BED}.Debug|Any CPU.Build.0 = Debug|Any CPU
		{14EC2C33-2DC5-487C-9C05-131DAAB68BED}.Release|Any CPU.ActiveCfg = Release|Any CPU
		{14EC2C33-2DC5-487C-9C05-131DAAB68BED}.Release|Any CPU.Build.0 = Release|Any CPU
	EndGlobalSection
	GlobalSection(SolutionProperties) = preSolution
		HideSolutionNode = FALSE
	EndGlobalSection
	GlobalSection(ExtensibilityGlobals) = postSolution
		SolutionGuid = {D0C5482E-BB28-4DEF-A4CC-F6E0D7FD63C8}
	EndGlobalSection
EndGlobal
